
Microsoft Visual Studio Solution File, Format Version 12.00
# Visual Studio Version 17
VisualStudioVersion = 17.4.33122.133
MinimumVisualStudioVersion = 10.0.40219.1
Project("{FAE04EC0-301F-11D3-BF4B-00C04F79EFBC}") = "ArticleApp.Models", "ArticleApp.Models\ArticleApp.Models.csproj", "{5A16F54B-B043-4875-BD87-A423090A3EE0}"
EndProject
Project("{00D1A9C2-B5F0-4AF3-8072-F6C62B433612}") = "Article.SqlServer", "Article.SqlServer\Article.SqlServer.sqlproj", "{DB901DE3-4CB5-467B-AF33-45351969F3D0}"
EndProject
Project("{FAE04EC0-301F-11D3-BF4B-00C04F79EFBC}") = "ArticleApp.Models.Tests", "ArticleApp.Models.Tests\ArticleApp.Models.Tests.csproj", "{7D8B1467-A322-4A74-B075-79E9C28D67FB}"
EndProject
Global
	GlobalSection(SolutionConfigurationPlatforms) = preSolution
		Debug|Any CPU = Debug|Any CPU
		Release|Any CPU = Release|Any CPU
	EndGlobalSection
	GlobalSection(ProjectConfigurationPlatforms) = postSolution
		{5A16F54B-B043-4875-BD87-A423090A3EE0}.Debug|Any CPU.ActiveCfg = Debug|Any CPU
		{5A16F54B-B043-4875-BD87-A423090A3EE0}.Debug|Any CPU.Build.0 = Debug|Any CPU
		{5A16F54B-B043-4875-BD87-A423090A3EE0}.Release|Any CPU.ActiveCfg = Release|Any CPU
		{5A16F54B-B043-4875-BD87-A423090A3EE0}.Release|Any CPU.Build.0 = Release|Any CPU
		{DB901DE3-4CB5-467B-AF33-45351969F3D0}.Debug|Any CPU.ActiveCfg = Debug|Any CPU
		{DB901DE3-4CB5-467B-AF33-45351969F3D0}.Debug|Any CPU.Build.0 = Debug|Any CPU
		{DB901DE3-4CB5-467B-AF33-45351969F3D0}.Debug|Any CPU.Deploy.0 = Debug|Any CPU
		{DB901DE3-4CB5-467B-AF33-45351969F3D0}.Release|Any CPU.ActiveCfg = Release|Any CPU
		{DB901DE3-4CB5-467B-AF33-45351969F3D0}.Release|Any CPU.Build.0 = Release|Any CPU
		{DB901DE3-4CB5-467B-AF33-45351969F3D0}.Release|Any CPU.Deploy.0 = Release|Any CPU
		{7D8B1467-A322-4A74-B075-79E9C28D67FB}.Debug|Any CPU.ActiveCfg = Debug|Any CPU
		{7D8B1467-A322-4A74-B075-79E9C28D67FB}.Debug|Any CPU.Build.0 = Debug|Any CPU
		{7D8B1467-A322-4A74-B075-79E9C28D67FB}.Release|Any CPU.ActiveCfg = Release|Any CPU
		{7D8B1467-A322-4A74-B075-79E9C28D67FB}.Release|Any CPU.Build.0 = Release|Any CPU
	EndGlobalSection
	GlobalSection(SolutionProperties) = preSolution
		HideSolutionNode = FALSE
	EndGlobalSection
	GlobalSection(ExtensibilityGlobals) = postSolution
		SolutionGuid = {C5352757-C4C5-45A3-A4FA-BD8D9958BF53}
	EndGlobalSection
EndGlobal
