
Microsoft Visual Studio Solution File, Format Version 12.00
# Visual Studio Version 17
VisualStudioVersion = 17.4.33122.133
MinimumVisualStudioVersion = 10.0.40219.1
Project("{9A19103F-16F7-4668-BE54-9A1E7A4F7556}") = "ArticleApp.Models", "ArticleApp.Models\ArticleApp.Models.csproj", "{5A16F54B-B043-4875-BD87-A423090A3EE0}"
EndProject
Project("{00D1A9C2-B5F0-4AF3-8072-F6C62B433612}") = "ArticleApp.SqlServer", "ArticleApp.SqlServer\ArticleApp.SqlServer.sqlproj", "{DB901DE3-4CB5-467B-AF33-45351969F3D0}"
EndProject
Project("{9A19103F-16F7-4668-BE54-9A1E7A4F7556}") = "ArticleApp.Models.Tests", "ArticleApp.Models.Tests\ArticleApp.Models.Tests.csproj", "{7D8B1467-A322-4A74-B075-79E9C28D67FB}"
EndProject
Project("{9A19103F-16F7-4668-BE54-9A1E7A4F7556}") = "ArticleApp", "ArticleApp\ArticleApp.csproj", "{D4AA5B3A-E0DE-40E3-9206-6FA7D463171B}"
EndProject
Project("{9A19103F-16F7-4668-BE54-9A1E7A4F7556}") = "BWShared", "BWPager\BWShared.csproj", "{27E8E412-BC32-46CA-8F5E-A13729E56E2D}"
EndProject
Project("{2150E333-8FDC-42A3-9474-1A3956D46DE8}") = "ArticleApps", "ArticleApps", "{1AE0503B-5010-4BF7-8FD1-6C3C901303D6}"
EndProject
Project("{2150E333-8FDC-42A3-9474-1A3956D46DE8}") = "NoticeApps", "NoticeApps", "{A9AEB9EE-02A0-402A-8C78-E077CAB9DAD1}"
EndProject
Project("{00D1A9C2-B5F0-4AF3-8072-F6C62B433612}") = "NoticeApp.SqlServer", "NoticeApp.SqlServer\NoticeApp.SqlServer.sqlproj", "{F41633B8-9134-40F2-B25F-8E37E399A4F2}"
EndProject
Project("{9A19103F-16F7-4668-BE54-9A1E7A4F7556}") = "NoticeApp.Models", "NoticeApp.Models\NoticeApp.Models.csproj", "{71F1DB55-CABC-4D9E-BE5B-4EC7909CB5EF}"
EndProject
Project("{9A19103F-16F7-4668-BE54-9A1E7A4F7556}") = "NoticeApp.Models.Tests", "NoticeApp.Models.Tests\NoticeApp.Models.Tests.csproj", "{F16A5A61-EC95-460D-BB6E-B921A2707C63}"
EndProject
Project("{9A19103F-16F7-4668-BE54-9A1E7A4F7556}") = "NoticeApp.Apis", "NoticeApp.Apis\NoticeApp.Apis.csproj", "{46566C4B-B84A-4516-8758-E6FFEE69F2F0}"
EndProject
Project("{9A19103F-16F7-4668-BE54-9A1E7A4F7556}") = "NoticeApp", "NoticeApp\NoticeApp.csproj", "{18DD345C-44FF-4924-BCB8-C6898E000407}"
EndProject
Global
	GlobalSection(SolutionConfigurationPlatforms) = preSolution
		Debug|Any CPU = Debug|Any CPU
		Release|Any CPU = Release|Any CPU
	EndGlobalSection
	GlobalSection(ProjectConfigurationPlatforms) = postSolution
		{5A16F54B-B043-4875-BD87-A423090A3EE0}.Debug|Any CPU.ActiveCfg = Debug|Any CPU
		{5A16F54B-B043-4875-BD87-A423090A3EE0}.Debug|Any CPU.Build.0 = Debug|Any CPU
		{5A16F54B-B043-4875-BD87-A423090A3EE0}.Release|Any CPU.ActiveCfg = Release|Any CPU
		{5A16F54B-B043-4875-BD87-A423090A3EE0}.Release|Any CPU.Build.0 = Release|Any CPU
		{DB901DE3-4CB5-467B-AF33-45351969F3D0}.Debug|Any CPU.ActiveCfg = Debug|Any CPU
		{DB901DE3-4CB5-467B-AF33-45351969F3D0}.Debug|Any CPU.Build.0 = Debug|Any CPU
		{DB901DE3-4CB5-467B-AF33-45351969F3D0}.Debug|Any CPU.Deploy.0 = Debug|Any CPU
		{DB901DE3-4CB5-467B-AF33-45351969F3D0}.Release|Any CPU.ActiveCfg = Release|Any CPU
		{DB901DE3-4CB5-467B-AF33-45351969F3D0}.Release|Any CPU.Build.0 = Release|Any CPU
		{DB901DE3-4CB5-467B-AF33-45351969F3D0}.Release|Any CPU.Deploy.0 = Release|Any CPU
		{7D8B1467-A322-4A74-B075-79E9C28D67FB}.Debug|Any CPU.ActiveCfg = Debug|Any CPU
		{7D8B1467-A322-4A74-B075-79E9C28D67FB}.Debug|Any CPU.Build.0 = Debug|Any CPU
		{7D8B1467-A322-4A74-B075-79E9C28D67FB}.Release|Any CPU.ActiveCfg = Release|Any CPU
		{7D8B1467-A322-4A74-B075-79E9C28D67FB}.Release|Any CPU.Build.0 = Release|Any CPU
		{D4AA5B3A-E0DE-40E3-9206-6FA7D463171B}.Debug|Any CPU.ActiveCfg = Debug|Any CPU
		{D4AA5B3A-E0DE-40E3-9206-6FA7D463171B}.Debug|Any CPU.Build.0 = Debug|Any CPU
		{D4AA5B3A-E0DE-40E3-9206-6FA7D463171B}.Release|Any CPU.ActiveCfg = Release|Any CPU
		{D4AA5B3A-E0DE-40E3-9206-6FA7D463171B}.Release|Any CPU.Build.0 = Release|Any CPU
		{27E8E412-BC32-46CA-8F5E-A13729E56E2D}.Debug|Any CPU.ActiveCfg = Debug|Any CPU
		{27E8E412-BC32-46CA-8F5E-A13729E56E2D}.Debug|Any CPU.Build.0 = Debug|Any CPU
		{27E8E412-BC32-46CA-8F5E-A13729E56E2D}.Release|Any CPU.ActiveCfg = Release|Any CPU
		{27E8E412-BC32-46CA-8F5E-A13729E56E2D}.Release|Any CPU.Build.0 = Release|Any CPU
		{F41633B8-9134-40F2-B25F-8E37E399A4F2}.Debug|Any CPU.ActiveCfg = Debug|Any CPU
		{F41633B8-9134-40F2-B25F-8E37E399A4F2}.Debug|Any CPU.Build.0 = Debug|Any CPU
		{F41633B8-9134-40F2-B25F-8E37E399A4F2}.Debug|Any CPU.Deploy.0 = Debug|Any CPU
		{F41633B8-9134-40F2-B25F-8E37E399A4F2}.Release|Any CPU.ActiveCfg = Release|Any CPU
		{F41633B8-9134-40F2-B25F-8E37E399A4F2}.Release|Any CPU.Build.0 = Release|Any CPU
		{F41633B8-9134-40F2-B25F-8E37E399A4F2}.Release|Any CPU.Deploy.0 = Release|Any CPU
		{71F1DB55-CABC-4D9E-BE5B-4EC7909CB5EF}.Debug|Any CPU.ActiveCfg = Debug|Any CPU
		{71F1DB55-CABC-4D9E-BE5B-4EC7909CB5EF}.Debug|Any CPU.Build.0 = Debug|Any CPU
		{71F1DB55-CABC-4D9E-BE5B-4EC7909CB5EF}.Release|Any CPU.ActiveCfg = Release|Any CPU
		{71F1DB55-CABC-4D9E-BE5B-4EC7909CB5EF}.Release|Any CPU.Build.0 = Release|Any CPU
		{F16A5A61-EC95-460D-BB6E-B921A2707C63}.Debug|Any CPU.ActiveCfg = Debug|Any CPU
		{F16A5A61-EC95-460D-BB6E-B921A2707C63}.Debug|Any CPU.Build.0 = Debug|Any CPU
		{F16A5A61-EC95-460D-BB6E-B921A2707C63}.Release|Any CPU.ActiveCfg = Release|Any CPU
		{F16A5A61-EC95-460D-BB6E-B921A2707C63}.Release|Any CPU.Build.0 = Release|Any CPU
		{46566C4B-B84A-4516-8758-E6FFEE69F2F0}.Debug|Any CPU.ActiveCfg = Debug|Any CPU
		{46566C4B-B84A-4516-8758-E6FFEE69F2F0}.Debug|Any CPU.Build.0 = Debug|Any CPU
		{46566C4B-B84A-4516-8758-E6FFEE69F2F0}.Release|Any CPU.ActiveCfg = Release|Any CPU
		{46566C4B-B84A-4516-8758-E6FFEE69F2F0}.Release|Any CPU.Build.0 = Release|Any CPU
		{18DD345C-44FF-4924-BCB8-C6898E000407}.Debug|Any CPU.ActiveCfg = Debug|Any CPU
		{18DD345C-44FF-4924-BCB8-C6898E000407}.Debug|Any CPU.Build.0 = Debug|Any CPU
		{18DD345C-44FF-4924-BCB8-C6898E000407}.Release|Any CPU.ActiveCfg = Release|Any CPU
		{18DD345C-44FF-4924-BCB8-C6898E000407}.Release|Any CPU.Build.0 = Release|Any CPU
	EndGlobalSection
	GlobalSection(SolutionProperties) = preSolution
		HideSolutionNode = FALSE
	EndGlobalSection
	GlobalSection(NestedProjects) = preSolution
		{5A16F54B-B043-4875-BD87-A423090A3EE0} = {1AE0503B-5010-4BF7-8FD1-6C3C901303D6}
		{DB901DE3-4CB5-467B-AF33-45351969F3D0} = {1AE0503B-5010-4BF7-8FD1-6C3C901303D6}
		{7D8B1467-A322-4A74-B075-79E9C28D67FB} = {1AE0503B-5010-4BF7-8FD1-6C3C901303D6}
		{D4AA5B3A-E0DE-40E3-9206-6FA7D463171B} = {1AE0503B-5010-4BF7-8FD1-6C3C901303D6}
		{F41633B8-9134-40F2-B25F-8E37E399A4F2} = {A9AEB9EE-02A0-402A-8C78-E077CAB9DAD1}
		{71F1DB55-CABC-4D9E-BE5B-4EC7909CB5EF} = {A9AEB9EE-02A0-402A-8C78-E077CAB9DAD1}
		{F16A5A61-EC95-460D-BB6E-B921A2707C63} = {A9AEB9EE-02A0-402A-8C78-E077CAB9DAD1}
		{46566C4B-B84A-4516-8758-E6FFEE69F2F0} = {A9AEB9EE-02A0-402A-8C78-E077CAB9DAD1}
		{18DD345C-44FF-4924-BCB8-C6898E000407} = {A9AEB9EE-02A0-402A-8C78-E077CAB9DAD1}
	EndGlobalSection
	GlobalSection(ExtensibilityGlobals) = postSolution
		SolutionGuid = {C5352757-C4C5-45A3-A4FA-BD8D9958BF53}
	EndGlobalSection
EndGlobal
